// !$*UTF8*$!
{
	archiveVersion = 1;
	classes = {
	};
	objectVersion = 50;
	objects = {

/* Begin PBXBuildFile section */
		494B6306266DCF3800650E35 /* OneLastJobApp.swift in Sources */ = {isa = PBXBuildFile; fileRef = 494B6305266DCF3800650E35 /* OneLastJobApp.swift */; };
		494B6308266DCF3800650E35 /* RoulletteView.swift in Sources */ = {isa = PBXBuildFile; fileRef = 494B6307266DCF3800650E35 /* RoulletteView.swift */; };
		494B630A266DCF3900650E35 /* Assets.xcassets in Resources */ = {isa = PBXBuildFile; fileRef = 494B6309266DCF3900650E35 /* Assets.xcassets */; };
		494B630D266DCF3900650E35 /* Preview Assets.xcassets in Resources */ = {isa = PBXBuildFile; fileRef = 494B630C266DCF3900650E35 /* Preview Assets.xcassets */; };
		494B6316266DD17500650E35 /* JobSelectionView.swift in Sources */ = {isa = PBXBuildFile; fileRef = 494B6315266DD17500650E35 /* JobSelectionView.swift */; };
		494B6318266DD90700650E35 /* Locations.swift in Sources */ = {isa = PBXBuildFile; fileRef = 494B6317266DD90700650E35 /* Locations.swift */; };
		494B631B266DD91C00650E35 /* Venues.swift in Sources */ = {isa = PBXBuildFile; fileRef = 494B631A266DD91C00650E35 /* Venues.swift */; };
		494B631D266DD92600650E35 /* Things.swift in Sources */ = {isa = PBXBuildFile; fileRef = 494B631C266DD92600650E35 /* Things.swift */; };
		494B631F266DD93200650E35 /* Times.swift in Sources */ = {isa = PBXBuildFile; fileRef = 494B631E266DD93200650E35 /* Times.swift */; };
		494B6321266DEB2A00650E35 /* RoulletteViewModel.swift in Sources */ = {isa = PBXBuildFile; fileRef = 494B6320266DEB2A00650E35 /* RoulletteViewModel.swift */; };
/* End PBXBuildFile section */

/* Begin PBXFileReference section */
		494B6302266DCF3800650E35 /* OneLastJob.app */ = {isa = PBXFileReference; explicitFileType = wrapper.application; includeInIndex = 0; path = OneLastJob.app; sourceTree = BUILT_PRODUCTS_DIR; };
		494B6305266DCF3800650E35 /* OneLastJobApp.swift */ = {isa = PBXFileReference; lastKnownFileType = sourcecode.swift; path = OneLastJobApp.swift; sourceTree = "<group>"; };
		494B6307266DCF3800650E35 /* RoulletteView.swift */ = {isa = PBXFileReference; lastKnownFileType = sourcecode.swift; path = RoulletteView.swift; sourceTree = "<group>"; };
		494B6309266DCF3900650E35 /* Assets.xcassets */ = {isa = PBXFileReference; lastKnownFileType = folder.assetcatalog; path = Assets.xcassets; sourceTree = "<group>"; };
		494B630C266DCF3900650E35 /* Preview Assets.xcassets */ = {isa = PBXFileReference; lastKnownFileType = folder.assetcatalog; path = "Preview Assets.xcassets"; sourceTree = "<group>"; };
		494B630E266DCF3900650E35 /* Info.plist */ = {isa = PBXFileReference; lastKnownFileType = text.plist.xml; path = Info.plist; sourceTree = "<group>"; };
		494B630F266DCF3900650E35 /* OneLastJob.entitlements */ = {isa = PBXFileReference; lastKnownFileType = text.plist.entitlements; path = OneLastJob.entitlements; sourceTree = "<group>"; };
		494B6315266DD17500650E35 /* JobSelectionView.swift */ = {isa = PBXFileReference; lastKnownFileType = sourcecode.swift; path = JobSelectionView.swift; sourceTree = "<group>"; };
		494B6317266DD90700650E35 /* Locations.swift */ = {isa = PBXFileReference; lastKnownFileType = sourcecode.swift; path = Locations.swift; sourceTree = "<group>"; };
		494B631A266DD91C00650E35 /* Venues.swift */ = {isa = PBXFileReference; lastKnownFileType = sourcecode.swift; path = Venues.swift; sourceTree = "<group>"; };
		494B631C266DD92600650E35 /* Things.swift */ = {isa = PBXFileReference; lastKnownFileType = sourcecode.swift; path = Things.swift; sourceTree = "<group>"; };
		494B631E266DD93200650E35 /* Times.swift */ = {isa = PBXFileReference; lastKnownFileType = sourcecode.swift; path = Times.swift; sourceTree = "<group>"; };
		494B6320266DEB2A00650E35 /* RoulletteViewModel.swift */ = {isa = PBXFileReference; lastKnownFileType = sourcecode.swift; path = RoulletteViewModel.swift; sourceTree = "<group>"; };
/* End PBXFileReference section */

/* Begin PBXFrameworksBuildPhase section */
		494B62FF266DCF3800650E35 /* Frameworks */ = {
			isa = PBXFrameworksBuildPhase;
			buildActionMask = 2147483647;
			files = (
			);
			runOnlyForDeploymentPostprocessing = 0;
		};
/* End PBXFrameworksBuildPhase section */

/* Begin PBXGroup section */
		494B62F9266DCF3800650E35 = {
			isa = PBXGroup;
			children = (
				494B6304266DCF3800650E35 /* OneLastJob */,
				494B6303266DCF3800650E35 /* Products */,
			);
			sourceTree = "<group>";
		};
		494B6303266DCF3800650E35 /* Products */ = {
			isa = PBXGroup;
			children = (
				494B6302266DCF3800650E35 /* OneLastJob.app */,
			);
			name = Products;
			sourceTree = "<group>";
		};
		494B6304266DCF3800650E35 /* OneLastJob */ = {
			isa = PBXGroup;
			children = (
				494B6319266DD90C00650E35 /* Data */,
				494B6315266DD17500650E35 /* JobSelectionView.swift */,
				494B6305266DCF3800650E35 /* OneLastJobApp.swift */,
				494B6307266DCF3800650E35 /* RoulletteView.swift */,
				494B6320266DEB2A00650E35 /* RoulletteViewModel.swift */,
				494B6309266DCF3900650E35 /* Assets.xcassets */,
				494B630E266DCF3900650E35 /* Info.plist */,
				494B630F266DCF3900650E35 /* OneLastJob.entitlements */,
				494B630B266DCF3900650E35 /* Preview Content */,
			);
			path = OneLastJob;
			sourceTree = "<group>";
		};
		494B630B266DCF3900650E35 /* Preview Content */ = {
			isa = PBXGroup;
			children = (
				494B630C266DCF3900650E35 /* Preview Assets.xcassets */,
			);
			path = "Preview Content";
			sourceTree = "<group>";
		};
		494B6319266DD90C00650E35 /* Data */ = {
			isa = PBXGroup;
			children = (
				494B6317266DD90700650E35 /* Locations.swift */,
				494B631A266DD91C00650E35 /* Venues.swift */,
				494B631C266DD92600650E35 /* Things.swift */,
				494B631E266DD93200650E35 /* Times.swift */,
			);
			path = Data;
			sourceTree = "<group>";
		};
/* End PBXGroup section */

/* Begin PBXNativeTarget section */
		494B6301266DCF3800650E35 /* OneLastJob */ = {
			isa = PBXNativeTarget;
			buildConfigurationList = 494B6312266DCF3900650E35 /* Build configuration list for PBXNativeTarget "OneLastJob" */;
			buildPhases = (
				494B62FE266DCF3800650E35 /* Sources */,
				494B62FF266DCF3800650E35 /* Frameworks */,
				494B6300266DCF3800650E35 /* Resources */,
			);
			buildRules = (
			);
			dependencies = (
			);
			name = OneLastJob;
			productName = OneLastJob;
			productReference = 494B6302266DCF3800650E35 /* OneLastJob.app */;
			productType = "com.apple.product-type.application";
		};
/* End PBXNativeTarget section */

/* Begin PBXProject section */
		494B62FA266DCF3800650E35 /* Project object */ = {
			isa = PBXProject;
			attributes = {
				LastSwiftUpdateCheck = 1250;
				LastUpgradeCheck = 1250;
				TargetAttributes = {
					494B6301266DCF3800650E35 = {
						CreatedOnToolsVersion = 12.5;
					};
				};
			};
			buildConfigurationList = 494B62FD266DCF3800650E35 /* Build configuration list for PBXProject "OneLastJob" */;
			compatibilityVersion = "Xcode 9.3";
			developmentRegion = en;
			hasScannedForEncodings = 0;
			knownRegions = (
				en,
				Base,
			);
			mainGroup = 494B62F9266DCF3800650E35;
			productRefGroup = 494B6303266DCF3800650E35 /* Products */;
			projectDirPath = "";
			projectRoot = "";
			targets = (
				494B6301266DCF3800650E35 /* OneLastJob */,
			);
		};
/* End PBXProject section */

/* Begin PBXResourcesBuildPhase section */
		494B6300266DCF3800650E35 /* Resources */ = {
			isa = PBXResourcesBuildPhase;
			buildActionMask = 2147483647;
			files = (
				494B630D266DCF3900650E35 /* Preview Assets.xcassets in Resources */,
				494B630A266DCF3900650E35 /* Assets.xcassets in Resources */,
			);
			runOnlyForDeploymentPostprocessing = 0;
		};
/* End PBXResourcesBuildPhase section */

/* Begin PBXSourcesBuildPhase section */
		494B62FE266DCF3800650E35 /* Sources */ = {
			isa = PBXSourcesBuildPhase;
			buildActionMask = 2147483647;
			files = (
				494B631F266DD93200650E35 /* Times.swift in Sources */,
				494B6308266DCF3800650E35 /* RoulletteView.swift in Sources */,
				494B6306266DCF3800650E35 /* OneLastJobApp.swift in Sources */,
				494B6318266DD90700650E35 /* Locations.swift in Sources */,
				494B631B266DD91C00650E35 /* Venues.swift in Sources */,
				494B631D266DD92600650E35 /* Things.swift in Sources */,
				494B6316266DD17500650E35 /* JobSelectionView.swift in Sources */,
				494B6321266DEB2A00650E35 /* RoulletteViewModel.swift in Sources */,
			);
			runOnlyForDeploymentPostprocessing = 0;
		};
/* End PBXSourcesBuildPhase section */

/* Begin XCBuildConfiguration section */
		494B6310266DCF3900650E35 /* Debug */ = {
			isa = XCBuildConfiguration;
			buildSettings = {
				ALWAYS_SEARCH_USER_PATHS = NO;
				CLANG_ANALYZER_NONNULL = YES;
				CLANG_ANALYZER_NUMBER_OBJECT_CONVERSION = YES_AGGRESSIVE;
				CLANG_CXX_LANGUAGE_STANDARD = "gnu++14";
				CLANG_CXX_LIBRARY = "libc++";
				CLANG_ENABLE_MODULES = YES;
				CLANG_ENABLE_OBJC_ARC = YES;
				CLANG_ENABLE_OBJC_WEAK = YES;
				CLANG_WARN_BLOCK_CAPTURE_AUTORELEASING = YES;
				CLANG_WARN_BOOL_CONVERSION = YES;
				CLANG_WARN_COMMA = YES;
				CLANG_WARN_CONSTANT_CONVERSION = YES;
				CLANG_WARN_DEPRECATED_OBJC_IMPLEMENTATIONS = YES;
				CLANG_WARN_DIRECT_OBJC_ISA_USAGE = YES_ERROR;
				CLANG_WARN_DOCUMENTATION_COMMENTS = YES;
				CLANG_WARN_EMPTY_BODY = YES;
				CLANG_WARN_ENUM_CONVERSION = YES;
				CLANG_WARN_INFINITE_RECURSION = YES;
				CLANG_WARN_INT_CONVERSION = YES;
				CLANG_WARN_NON_LITERAL_NULL_CONVERSION = YES;
				CLANG_WARN_OBJC_IMPLICIT_RETAIN_SELF = YES;
				CLANG_WARN_OBJC_LITERAL_CONVERSION = YES;
				CLANG_WARN_OBJC_ROOT_CLASS = YES_ERROR;
				CLANG_WARN_QUOTED_INCLUDE_IN_FRAMEWORK_HEADER = YES;
				CLANG_WARN_RANGE_LOOP_ANALYSIS = YES;
				CLANG_WARN_STRICT_PROTOTYPES = YES;
				CLANG_WARN_SUSPICIOUS_MOVE = YES;
				CLANG_WARN_UNGUARDED_AVAILABILITY = YES_AGGRESSIVE;
				CLANG_WARN_UNREACHABLE_CODE = YES;
				CLANG_WARN__DUPLICATE_METHOD_MATCH = YES;
				COPY_PHASE_STRIP = NO;
				DEBUG_INFORMATION_FORMAT = dwarf;
				ENABLE_STRICT_OBJC_MSGSEND = YES;
				ENABLE_TESTABILITY = YES;
				GCC_C_LANGUAGE_STANDARD = gnu11;
				GCC_DYNAMIC_NO_PIC = NO;
				GCC_NO_COMMON_BLOCKS = YES;
				GCC_OPTIMIZATION_LEVEL = 0;
				GCC_PREPROCESSOR_DEFINITIONS = (
					"DEBUG=1",
					"$(inherited)",
				);
				GCC_WARN_64_TO_32_BIT_CONVERSION = YES;
				GCC_WARN_ABOUT_RETURN_TYPE = YES_ERROR;
				GCC_WARN_UNDECLARED_SELECTOR = YES;
				GCC_WARN_UNINITIALIZED_AUTOS = YES_AGGRESSIVE;
				GCC_WARN_UNUSED_FUNCTION = YES;
				GCC_WARN_UNUSED_VARIABLE = YES;
				MACOSX_DEPLOYMENT_TARGET = 11.3;
				MTL_ENABLE_DEBUG_INFO = INCLUDE_SOURCE;
				MTL_FAST_MATH = YES;
				ONLY_ACTIVE_ARCH = YES;
				SDKROOT = macosx;
				SWIFT_ACTIVE_COMPILATION_CONDITIONS = DEBUG;
				SWIFT_OPTIMIZATION_LEVEL = "-Onone";
			};
			name = Debug;
		};
		494B6311266DCF3900650E35 /* Release */ = {
			isa = XCBuildConfiguration;
			buildSettings = {
				ALWAYS_SEARCH_USER_PATHS = NO;
				CLANG_ANALYZER_NONNULL = YES;
				CLANG_ANALYZER_NUMBER_OBJECT_CONVERSION = YES_AGGRESSIVE;
				CLANG_CXX_LANGUAGE_STANDARD = "gnu++14";
				CLANG_CXX_LIBRARY = "libc++";
				CLANG_ENABLE_MODULES = YES;
				CLANG_ENABLE_OBJC_ARC = YES;
				CLANG_ENABLE_OBJC_WEAK = YES;
				CLANG_WARN_BLOCK_CAPTURE_AUTORELEASING = YES;
				CLANG_WARN_BOOL_CONVERSION = YES;
				CLANG_WARN_COMMA = YES;
				CLANG_WARN_CONSTANT_CONVERSION = YES;
				CLANG_WARN_DEPRECATED_OBJC_IMPLEMENTATIONS = YES;
				CLANG_WARN_DIRECT_OBJC_ISA_USAGE = YES_ERROR;
				CLANG_WARN_DOCUMENTATION_COMMENTS = YES;
				CLANG_WARN_EMPTY_BODY = YES;
				CLANG_WARN_ENUM_CONVERSION = YES;
				CLANG_WARN_INFINITE_RECURSION = YES;
				CLANG_WARN_INT_CONVERSION = YES;
				CLANG_WARN_NON_LITERAL_NULL_CONVERSION = YES;
				CLANG_WARN_OBJC_IMPLICIT_RETAIN_SELF = YES;
				CLANG_WARN_OBJC_LITERAL_CONVERSION = YES;
				CLANG_WARN_OBJC_ROOT_CLASS = YES_ERROR;
				CLANG_WARN_QUOTED_INCLUDE_IN_FRAMEWORK_HEADER = YES;
				CLANG_WARN_RANGE_LOOP_ANALYSIS = YES;
				CLANG_WARN_STRICT_PROTOTYPES = YES;
				CLANG_WARN_SUSPICIOUS_MOVE = YES;
				CLANG_WARN_UNGUARDED_AVAILABILITY = YES_AGGRESSIVE;
				CLANG_WARN_UNREACHABLE_CODE = YES;
				CLANG_WARN__DUPLICATE_METHOD_MATCH = YES;
				COPY_PHASE_STRIP = NO;
				DEBUG_INFORMATION_FORMAT = "dwarf-with-dsym";
				ENABLE_NS_ASSERTIONS = NO;
				ENABLE_STRICT_OBJC_MSGSEND = YES;
				GCC_C_LANGUAGE_STANDARD = gnu11;
				GCC_NO_COMMON_BLOCKS = YES;
				GCC_WARN_64_TO_32_BIT_CONVERSION = YES;
				GCC_WARN_ABOUT_RETURN_TYPE = YES_ERROR;
				GCC_WARN_UNDECLARED_SELECTOR = YES;
				GCC_WARN_UNINITIALIZED_AUTOS = YES_AGGRESSIVE;
				GCC_WARN_UNUSED_FUNCTION = YES;
				GCC_WARN_UNUSED_VARIABLE = YES;
				MACOSX_DEPLOYMENT_TARGET = 11.3;
				MTL_ENABLE_DEBUG_INFO = NO;
				MTL_FAST_MATH = YES;
				SDKROOT = macosx;
				SWIFT_COMPILATION_MODE = wholemodule;
				SWIFT_OPTIMIZATION_LEVEL = "-O";
			};
			name = Release;
		};
		494B6313266DCF3900650E35 /* Debug */ = {
			isa = XCBuildConfiguration;
			buildSettings = {
				ASSETCATALOG_COMPILER_APPICON_NAME = AppIcon;
				ASSETCATALOG_COMPILER_GLOBAL_ACCENT_COLOR_NAME = AccentColor;
				CODE_SIGN_ENTITLEMENTS = OneLastJob/OneLastJob.entitlements;
				CODE_SIGN_STYLE = Automatic;
				COMBINE_HIDPI_IMAGES = YES;
				DEVELOPMENT_ASSET_PATHS = "\"OneLastJob/Preview Content\"";
				DEVELOPMENT_TEAM = BMED6D7AMD;
				ENABLE_HARDENED_RUNTIME = YES;
				ENABLE_PREVIEWS = YES;
				INFOPLIST_FILE = OneLastJob/Info.plist;
				LD_RUNPATH_SEARCH_PATHS = (
					"$(inherited)",
					"@executable_path/../Frameworks",
				);
				MACOSX_DEPLOYMENT_TARGET = 11.3;
				PRODUCT_BUNDLE_IDENTIFIER = com.versussystems.OneLastJob;
				PRODUCT_NAME = "$(TARGET_NAME)";
				SWIFT_VERSION = 5.0;
			};
			name = Debug;
		};
		494B6314266DCF3900650E35 /* Release */ = {
			isa = XCBuildConfiguration;
			buildSettings = {
				ASSETCATALOG_COMPILER_APPICON_NAME = AppIcon;
				ASSETCATALOG_COMPILER_GLOBAL_ACCENT_COLOR_NAME = AccentColor;
				CODE_SIGN_ENTITLEMENTS = OneLastJob/OneLastJob.entitlements;
				CODE_SIGN_STYLE = Automatic;
				COMBINE_HIDPI_IMAGES = YES;
				DEVELOPMENT_ASSET_PATHS = "\"OneLastJob/Preview Content\"";
				DEVELOPMENT_TEAM = BMED6D7AMD;
				ENABLE_HARDENED_RUNTIME = YES;
				ENABLE_PREVIEWS = YES;
				INFOPLIST_FILE = OneLastJob/Info.plist;
				LD_RUNPATH_SEARCH_PATHS = (
					"$(inherited)",
					"@executable_path/../Frameworks",
				);
				MACOSX_DEPLOYMENT_TARGET = 11.3;
				PRODUCT_BUNDLE_IDENTIFIER = com.versussystems.OneLastJob;
				PRODUCT_NAME = "$(TARGET_NAME)";
				SWIFT_VERSION = 5.0;
			};
			name = Release;
		};
/* End XCBuildConfiguration section */

/* Begin XCConfigurationList section */
		494B62FD266DCF3800650E35 /* Build configuration list for PBXProject "OneLastJob" */ = {
			isa = XCConfigurationList;
			buildConfigurations = (
				494B6310266DCF3900650E35 /* Debug */,
				494B6311266DCF3900650E35 /* Release */,
			);
			defaultConfigurationIsVisible = 0;
			defaultConfigurationName = Release;
		};
		494B6312266DCF3900650E35 /* Build configuration list for PBXNativeTarget "OneLastJob" */ = {
			isa = XCConfigurationList;
			buildConfigurations = (
				494B6313266DCF3900650E35 /* Debug */,
				494B6314266DCF3900650E35 /* Release */,
			);
			defaultConfigurationIsVisible = 0;
			defaultConfigurationName = Release;
		};
/* End XCConfigurationList section */
	};
	rootObject = 494B62FA266DCF3800650E35 /* Project object */;
}
